// !$*UTF8*$!
{
	archiveVersion = 1;
	classes = {
	};
	objectVersion = 46;
	objects = {

/* Begin PBXFileReference section */
		C6B5D55A1CCB84AC00EA35C4 /* .DS_Store */ = {isa = PBXFileReference; lastKnownFileType = file; path = .DS_Store; sourceTree = "<group>"; };
		C6B5D55B1CCB84AC00EA35C4 /* aclocal.m4 */ = {isa = PBXFileReference; lastKnownFileType = text; path = aclocal.m4; sourceTree = "<group>"; };
		C6B5D55C1CCB84AC00EA35C4 /* android */ = {isa = PBXFileReference; lastKnownFileType = folder; path = android; sourceTree = "<group>"; };
		C6B5D55D1CCB84AC00EA35C4 /* CHANGES */ = {isa = PBXFileReference; lastKnownFileType = text; path = CHANGES; sourceTree = "<group>"; };
		C6B5D55E1CCB84AC00EA35C4 /* cmake */ = {isa = PBXFileReference; lastKnownFileType = folder; path = cmake; sourceTree = "<group>"; };
		C6B5D55F1CCB84AC00EA35C4 /* CMakeLists.txt */ = {isa = PBXFileReference; lastKnownFileType = text; path = CMakeLists.txt; sourceTree = "<group>"; };
		C6B5D5601CCB84AC00EA35C4 /* compile */ = {isa = PBXFileReference; lastKnownFileType = text.script.sh; path = compile; sourceTree = "<group>"; };
		C6B5D5611CCB84AC00EA35C4 /* config.guess */ = {isa = PBXFileReference; lastKnownFileType = text.script.sh; path = config.guess; sourceTree = "<group>"; };
		C6B5D5621CCB84AC00EA35C4 /* config.sub */ = {isa = PBXFileReference; lastKnownFileType = text.script.sh; path = config.sub; sourceTree = "<group>"; };
		C6B5D5631CCB84AC00EA35C4 /* configure */ = {isa = PBXFileReference; lastKnownFileType = text.script.sh; path = configure; sourceTree = "<group>"; };
		C6B5D5641CCB84AC00EA35C4 /* configure.ac */ = {isa = PBXFileReference; lastKnownFileType = text; path = configure.ac; sourceTree = "<group>"; };
		C6B5D5651CCB84AC00EA35C4 /* depcomp */ = {isa = PBXFileReference; lastKnownFileType = text.script.sh; path = depcomp; sourceTree = "<group>"; };
		C6B5D5661CCB84AC00EA35C4 /* doc */ = {isa = PBXFileReference; lastKnownFileType = folder; path = doc; sourceTree = "<group>"; };
		C6B5D5671CCB84AC00EA35C4 /* install-sh */ = {isa = PBXFileReference; lastKnownFileType = text.script.sh; path = "install-sh"; sourceTree = "<group>"; };
		C6B5D5681CCB84AC00EA35C4 /* jansson.pc.in */ = {isa = PBXFileReference; lastKnownFileType = text; path = jansson.pc.in; sourceTree = "<group>"; };
		C6B5D5691CCB84AC00EA35C4 /* jansson_private_config.h.in */ = {isa = PBXFileReference; lastKnownFileType = text; path = jansson_private_config.h.in; sourceTree = "<group>"; };
		C6B5D56A1CCB84AC00EA35C4 /* LICENSE */ = {isa = PBXFileReference; lastKnownFileType = text; path = LICENSE; sourceTree = "<group>"; };
		C6B5D56B1CCB84AC00EA35C4 /* ltmain.sh */ = {isa = PBXFileReference; lastKnownFileType = text.script.sh; path = ltmain.sh; sourceTree = "<group>"; };
		C6B5D56C1CCB84AC00EA35C4 /* Makefile.am */ = {isa = PBXFileReference; lastKnownFileType = text; path = Makefile.am; sourceTree = "<group>"; };
		C6B5D56D1CCB84AC00EA35C4 /* Makefile.in */ = {isa = PBXFileReference; lastKnownFileType = text; path = Makefile.in; sourceTree = "<group>"; };
		C6B5D56E1CCB84AC00EA35C4 /* missing */ = {isa = PBXFileReference; lastKnownFileType = text.script.sh; path = missing; sourceTree = "<group>"; };
		C6B5D56F1CCB84AC00EA35C4 /* README.rst */ = {isa = PBXFileReference; lastKnownFileType = text; path = README.rst; sourceTree = "<group>"; };
		C6B5D5701CCB84AC00EA35C4 /* src */ = {isa = PBXFileReference; lastKnownFileType = folder; path = src; sourceTree = "<group>"; };
		C6B5D5711CCB84AC00EA35C4 /* test */ = {isa = PBXFileReference; lastKnownFileType = folder; path = test; sourceTree = "<group>"; };
		C6B5D5721CCB84AC00EA35C4 /* test-driver */ = {isa = PBXFileReference; lastKnownFileType = text.script.sh; path = "test-driver"; sourceTree = "<group>"; };
/* End PBXFileReference section */

/* Begin PBXGroup section */
		C6B5D5541CCB84AC00EA35C4 = {
			isa = PBXGroup;
			children = (
				C6B5D55A1CCB84AC00EA35C4 /* .DS_Store */,
				C6B5D55B1CCB84AC00EA35C4 /* aclocal.m4 */,
				C6B5D55C1CCB84AC00EA35C4 /* android */,
				C6B5D55D1CCB84AC00EA35C4 /* CHANGES */,
				C6B5D55E1CCB84AC00EA35C4 /* cmake */,
				C6B5D55F1CCB84AC00EA35C4 /* CMakeLists.txt */,
				C6B5D5601CCB84AC00EA35C4 /* compile */,
				C6B5D5611CCB84AC00EA35C4 /* config.guess */,
				C6B5D5621CCB84AC00EA35C4 /* config.sub */,
				C6B5D5631CCB84AC00EA35C4 /* configure */,
				C6B5D5641CCB84AC00EA35C4 /* configure.ac */,
				C6B5D5651CCB84AC00EA35C4 /* depcomp */,
				C6B5D5661CCB84AC00EA35C4 /* doc */,
				C6B5D5671CCB84AC00EA35C4 /* install-sh */,
				C6B5D5681CCB84AC00EA35C4 /* jansson.pc.in */,
				C6B5D5691CCB84AC00EA35C4 /* jansson_private_config.h.in */,
				C6B5D56A1CCB84AC00EA35C4 /* LICENSE */,
				C6B5D56B1CCB84AC00EA35C4 /* ltmain.sh */,
				C6B5D56C1CCB84AC00EA35C4 /* Makefile.am */,
				C6B5D56D1CCB84AC00EA35C4 /* Makefile.in */,
				C6B5D56E1CCB84AC00EA35C4 /* missing */,
				C6B5D56F1CCB84AC00EA35C4 /* README.rst */,
				C6B5D5701CCB84AC00EA35C4 /* src */,
				C6B5D5711CCB84AC00EA35C4 /* test */,
				C6B5D5721CCB84AC00EA35C4 /* test-driver */,
			);
			sourceTree = "<group>";
		};
/* End PBXGroup section */

/* Begin PBXLegacyTarget section */
		C6B5D5591CCB84AC00EA35C4 /* Jansson */ = {
			isa = PBXLegacyTarget;
			buildArgumentsString = "$(ACTION)";
			buildConfigurationList = C6B5D5731CCB84AC00EA35C4 /* Build configuration list for PBXLegacyTarget "Jansson" */;
			buildPhases = (
			);
			buildToolPath = /usr/bin/make;
			buildWorkingDirectory = /Users/Marijn/Projects/OpenRCT2/Main/Jansson/Jansson;
			dependencies = (
			);
			name = Jansson;
			passBuildSettingsInEnvironment = 1;
			productName = Jansson;
		};
/* End PBXLegacyTarget section */

/* Begin PBXProject section */
		C6B5D5551CCB84AC00EA35C4 /* Project object */ = {
			isa = PBXProject;
			attributes = {
			};
			buildConfigurationList = C6B5D5581CCB84AC00EA35C4 /* Build configuration list for PBXProject "Jansson" */;
			compatibilityVersion = "Xcode 3.2";
			developmentRegion = English;
			hasScannedForEncodings = 0;
			knownRegions = (
				en,
			);
			mainGroup = C6B5D5541CCB84AC00EA35C4;
			projectDirPath = "";
			projectRoot = "";
			targets = (
				C6B5D5591CCB84AC00EA35C4 /* Jansson */,
			);
		};
/* End PBXProject section */

/* Begin XCBuildConfiguration section */
		C6B5D5561CCB84AC00EA35C4 /* Debug */ = {
			isa = XCBuildConfiguration;
			buildSettings = {
				ARCHS = "$(ARCHS_STANDARD_32_BIT)";
				COPY_PHASE_STRIP = NO;
				GCC_WARN_ABOUT_RETURN_TYPE = YES;
				GCC_WARN_UNUSED_VARIABLE = YES;
				ONLY_ACTIVE_ARCH = YES;
				SDKROOT = macosx10.6;
			};
			name = Debug;
		};
		C6B5D5571CCB84AC00EA35C4 /* Release */ = {
			isa = XCBuildConfiguration;
			buildSettings = {
				ARCHS = "$(ARCHS_STANDARD_32_BIT)";
				COPY_PHASE_STRIP = YES;
				GCC_WARN_ABOUT_RETURN_TYPE = YES;
				GCC_WARN_UNUSED_VARIABLE = YES;
				SDKROOT = macosx10.6;
			};
			name = Release;
		};
		C6B5D5741CCB84AC00EA35C4 /* Debug */ = {
			isa = XCBuildConfiguration;
			buildSettings = {
				COPY_PHASE_STRIP = NO;
				DEBUGGING_SYMBOLS = YES;
				GCC_DYNAMIC_NO_PIC = NO;
				GCC_ENABLE_FIX_AND_CONTINUE = YES;
				GCC_GENERATE_DEBUGGING_SYMBOLS = YES;
				GCC_OPTIMIZATION_LEVEL = 0;
				OTHER_CFLAGS = "";
				OTHER_LDFLAGS = "";
				PRODUCT_NAME = Jansson;
			};
			name = Debug;
		};
		C6B5D5751CCB84AC00EA35C4 /* Release */ = {
			isa = XCBuildConfiguration;
			buildSettings = {
				COPY_PHASE_STRIP = YES;
				DEBUG_INFORMATION_FORMAT = "dwarf-with-dsym";
				GCC_ENABLE_FIX_AND_CONTINUE = NO;
				OTHER_CFLAGS = "";
				OTHER_LDFLAGS = "";
				PRODUCT_NAME = Jansson;
			};
			name = Release;
		};
/* End XCBuildConfiguration section */

/* Begin XCConfigurationList section */
		C6B5D5581CCB84AC00EA35C4 /* Build configuration list for PBXProject "Jansson" */ = {
			isa = XCConfigurationList;
			buildConfigurations = (
				C6B5D5561CCB84AC00EA35C4 /* Debug */,
				C6B5D5571CCB84AC00EA35C4 /* Release */,
			);
			defaultConfigurationIsVisible = 0;
			defaultConfigurationName = Release;
		};
		C6B5D5731CCB84AC00EA35C4 /* Build configuration list for PBXLegacyTarget "Jansson" */ = {
			isa = XCConfigurationList;
			buildConfigurations = (
				C6B5D5741CCB84AC00EA35C4 /* Debug */,
				C6B5D5751CCB84AC00EA35C4 /* Release */,
			);
			defaultConfigurationIsVisible = 0;
			defaultConfigurationName = Release;
		};
/* End XCConfigurationList section */
	};
	rootObject = C6B5D5551CCB84AC00EA35C4 /* Project object */;
}
