// !$*UTF8*$!
{
	archiveVersion = 1;
	classes = {
	};
	objectVersion = 46;
	objects = {

/* Begin PBXFileReference section */
		C6B5D5371CCB849F00EA35C4 /* dump.c */ = {isa = PBXFileReference; lastKnownFileType = sourcecode.c.c; path = dump.c; sourceTree = "<group>"; };
		C6B5D5381CCB849F00EA35C4 /* error.c */ = {isa = PBXFileReference; lastKnownFileType = sourcecode.c.c; path = error.c; sourceTree = "<group>"; };
		C6B5D5391CCB849F00EA35C4 /* hashtable.c */ = {isa = PBXFileReference; lastKnownFileType = sourcecode.c.c; path = hashtable.c; sourceTree = "<group>"; };
		C6B5D53A1CCB849F00EA35C4 /* hashtable.h */ = {isa = PBXFileReference; lastKnownFileType = sourcecode.c.h; path = hashtable.h; sourceTree = "<group>"; };
		C6B5D53B1CCB849F00EA35C4 /* hashtable_seed.c */ = {isa = PBXFileReference; lastKnownFileType = sourcecode.c.c; path = hashtable_seed.c; sourceTree = "<group>"; };
		C6B5D53C1CCB849F00EA35C4 /* jansson.def */ = {isa = PBXFileReference; lastKnownFileType = text; path = jansson.def; sourceTree = "<group>"; };
		C6B5D53D1CCB849F00EA35C4 /* jansson.h */ = {isa = PBXFileReference; lastKnownFileType = sourcecode.c.h; path = jansson.h; sourceTree = "<group>"; };
		C6B5D53E1CCB849F00EA35C4 /* jansson_config.h */ = {isa = PBXFileReference; lastKnownFileType = sourcecode.c.h; path = jansson_config.h; sourceTree = "<group>"; };
		C6B5D53F1CCB849F00EA35C4 /* jansson_config.h.in */ = {isa = PBXFileReference; lastKnownFileType = text; path = jansson_config.h.in; sourceTree = "<group>"; };
		C6B5D5401CCB849F00EA35C4 /* jansson_private.h */ = {isa = PBXFileReference; lastKnownFileType = sourcecode.c.h; path = jansson_private.h; sourceTree = "<group>"; };
		C6B5D5411CCB849F00EA35C4 /* load.c */ = {isa = PBXFileReference; lastKnownFileType = sourcecode.c.c; path = load.c; sourceTree = "<group>"; };
		C6B5D5421CCB849F00EA35C4 /* lookup3.h */ = {isa = PBXFileReference; lastKnownFileType = sourcecode.c.h; path = lookup3.h; sourceTree = "<group>"; };
		C6B5D5431CCB849F00EA35C4 /* Makefile.am */ = {isa = PBXFileReference; lastKnownFileType = text; path = Makefile.am; sourceTree = "<group>"; };
		C6B5D5441CCB849F00EA35C4 /* Makefile.in */ = {isa = PBXFileReference; lastKnownFileType = text; path = Makefile.in; sourceTree = "<group>"; };
		C6B5D5451CCB849F00EA35C4 /* memory.c */ = {isa = PBXFileReference; lastKnownFileType = sourcecode.c.c; path = memory.c; sourceTree = "<group>"; };
		C6B5D5461CCB849F00EA35C4 /* pack_unpack.c */ = {isa = PBXFileReference; lastKnownFileType = sourcecode.c.c; path = pack_unpack.c; sourceTree = "<group>"; };
		C6B5D5471CCB849F00EA35C4 /* strbuffer.c */ = {isa = PBXFileReference; lastKnownFileType = sourcecode.c.c; path = strbuffer.c; sourceTree = "<group>"; };
		C6B5D5481CCB849F00EA35C4 /* strbuffer.h */ = {isa = PBXFileReference; lastKnownFileType = sourcecode.c.h; path = strbuffer.h; sourceTree = "<group>"; };
		C6B5D5491CCB849F00EA35C4 /* strconv.c */ = {isa = PBXFileReference; lastKnownFileType = sourcecode.c.c; path = strconv.c; sourceTree = "<group>"; };
		C6B5D54A1CCB849F00EA35C4 /* utf.c */ = {isa = PBXFileReference; lastKnownFileType = sourcecode.c.c; path = utf.c; sourceTree = "<group>"; };
		C6B5D54B1CCB849F00EA35C4 /* utf.h */ = {isa = PBXFileReference; lastKnownFileType = sourcecode.c.h; path = utf.h; sourceTree = "<group>"; };
		C6B5D54C1CCB849F00EA35C4 /* value.c */ = {isa = PBXFileReference; lastKnownFileType = sourcecode.c.c; path = value.c; sourceTree = "<group>"; };
/* End PBXFileReference section */

/* Begin PBXGroup section */
		C6B5D5311CCB849F00EA35C4 = {
			isa = PBXGroup;
			children = (
				C6B5D5371CCB849F00EA35C4 /* dump.c */,
				C6B5D5381CCB849F00EA35C4 /* error.c */,
				C6B5D5391CCB849F00EA35C4 /* hashtable.c */,
				C6B5D53A1CCB849F00EA35C4 /* hashtable.h */,
				C6B5D53B1CCB849F00EA35C4 /* hashtable_seed.c */,
				C6B5D53C1CCB849F00EA35C4 /* jansson.def */,
				C6B5D53D1CCB849F00EA35C4 /* jansson.h */,
				C6B5D53E1CCB849F00EA35C4 /* jansson_config.h */,
				C6B5D53F1CCB849F00EA35C4 /* jansson_config.h.in */,
				C6B5D5401CCB849F00EA35C4 /* jansson_private.h */,
				C6B5D5411CCB849F00EA35C4 /* load.c */,
				C6B5D5421CCB849F00EA35C4 /* lookup3.h */,
				C6B5D5431CCB849F00EA35C4 /* Makefile.am */,
				C6B5D5441CCB849F00EA35C4 /* Makefile.in */,
				C6B5D5451CCB849F00EA35C4 /* memory.c */,
				C6B5D5461CCB849F00EA35C4 /* pack_unpack.c */,
				C6B5D5471CCB849F00EA35C4 /* strbuffer.c */,
				C6B5D5481CCB849F00EA35C4 /* strbuffer.h */,
				C6B5D5491CCB849F00EA35C4 /* strconv.c */,
				C6B5D54A1CCB849F00EA35C4 /* utf.c */,
				C6B5D54B1CCB849F00EA35C4 /* utf.h */,
				C6B5D54C1CCB849F00EA35C4 /* value.c */,
			);
			sourceTree = "<group>";
		};
/* End PBXGroup section */

/* Begin PBXLegacyTarget section */
		C6B5D5361CCB849F00EA35C4 /* src */ = {
			isa = PBXLegacyTarget;
			buildArgumentsString = "$(ACTION)";
			buildConfigurationList = C6B5D54D1CCB849F00EA35C4 /* Build configuration list for PBXLegacyTarget "src" */;
			buildPhases = (
			);
			buildToolPath = /usr/bin/make;
			buildWorkingDirectory = /Users/Marijn/Projects/OpenRCT2/Main/Jansson/Jansson/src;
			dependencies = (
			);
			name = src;
			passBuildSettingsInEnvironment = 1;
			productName = src;
		};
/* End PBXLegacyTarget section */

/* Begin PBXProject section */
		C6B5D5321CCB849F00EA35C4 /* Project object */ = {
			isa = PBXProject;
			attributes = {
			};
			buildConfigurationList = C6B5D5351CCB849F00EA35C4 /* Build configuration list for PBXProject "src" */;
			compatibilityVersion = "Xcode 3.2";
			developmentRegion = English;
			hasScannedForEncodings = 0;
			knownRegions = (
				en,
			);
			mainGroup = C6B5D5311CCB849F00EA35C4;
			projectDirPath = "";
			projectRoot = "";
			targets = (
				C6B5D5361CCB849F00EA35C4 /* src */,
			);
		};
/* End PBXProject section */

/* Begin XCBuildConfiguration section */
		C6B5D5331CCB849F00EA35C4 /* Debug */ = {
			isa = XCBuildConfiguration;
			buildSettings = {
				ARCHS = "$(ARCHS_STANDARD_32_BIT)";
				COPY_PHASE_STRIP = NO;
				GCC_WARN_ABOUT_RETURN_TYPE = YES;
				GCC_WARN_UNUSED_VARIABLE = YES;
				ONLY_ACTIVE_ARCH = YES;
				SDKROOT = macosx10.6;
			};
			name = Debug;
		};
		C6B5D5341CCB849F00EA35C4 /* Release */ = {
			isa = XCBuildConfiguration;
			buildSettings = {
				ARCHS = "$(ARCHS_STANDARD_32_BIT)";
				COPY_PHASE_STRIP = YES;
				GCC_WARN_ABOUT_RETURN_TYPE = YES;
				GCC_WARN_UNUSED_VARIABLE = YES;
				SDKROOT = macosx10.6;
			};
			name = Release;
		};
		C6B5D54E1CCB849F00EA35C4 /* Debug */ = {
			isa = XCBuildConfiguration;
			buildSettings = {
				COPY_PHASE_STRIP = NO;
				DEBUGGING_SYMBOLS = YES;
				GCC_DYNAMIC_NO_PIC = NO;
				GCC_ENABLE_FIX_AND_CONTINUE = YES;
				GCC_GENERATE_DEBUGGING_SYMBOLS = YES;
				GCC_OPTIMIZATION_LEVEL = 0;
				OTHER_CFLAGS = "";
				OTHER_LDFLAGS = "";
				PRODUCT_NAME = src;
			};
			name = Debug;
		};
		C6B5D54F1CCB849F00EA35C4 /* Release */ = {
			isa = XCBuildConfiguration;
			buildSettings = {
				COPY_PHASE_STRIP = YES;
				DEBUG_INFORMATION_FORMAT = "dwarf-with-dsym";
				GCC_ENABLE_FIX_AND_CONTINUE = NO;
				OTHER_CFLAGS = "";
				OTHER_LDFLAGS = "";
				PRODUCT_NAME = src;
			};
			name = Release;
		};
/* End XCBuildConfiguration section */

/* Begin XCConfigurationList section */
		C6B5D5351CCB849F00EA35C4 /* Build configuration list for PBXProject "src" */ = {
			isa = XCConfigurationList;
			buildConfigurations = (
				C6B5D5331CCB849F00EA35C4 /* Debug */,
				C6B5D5341CCB849F00EA35C4 /* Release */,
			);
			defaultConfigurationIsVisible = 0;
			defaultConfigurationName = Release;
		};
		C6B5D54D1CCB849F00EA35C4 /* Build configuration list for PBXLegacyTarget "src" */ = {
			isa = XCConfigurationList;
			buildConfigurations = (
				C6B5D54E1CCB849F00EA35C4 /* Debug */,
				C6B5D54F1CCB849F00EA35C4 /* Release */,
			);
			defaultConfigurationIsVisible = 0;
			defaultConfigurationName = Release;
		};
/* End XCConfigurationList section */
	};
	rootObject = C6B5D5321CCB849F00EA35C4 /* Project object */;
}
